
Microsoft Visual Studio Solution File, Format Version 12.00
# Visual Studio Version 17
VisualStudioVersion = 17.9.34616.47
MinimumVisualStudioVersion = 10.0.40219.1
Project("{FAE04EC0-301F-11D3-BF4B-00C04F79EFBC}") = "CSharp10_Patern_3_10_03", "CSharp10_Patern_3_10_03\CSharp10_Patern_3_10_03.csproj", "{B793E988-5BBB-486E-B609-4BA26E91F1FD}"
EndProject
Global
	GlobalSection(SolutionConfigurationPlatforms) = preSolution
		Debug|Any CPU = Debug|Any CPU
		Release|Any CPU = Release|Any CPU
	EndGlobalSection
	GlobalSection(ProjectConfigurationPlatforms) = postSolution
		{B793E988-5BBB-486E-B609-4BA26E91F1FD}.Debug|Any CPU.ActiveCfg = Debug|Any CPU
		{B793E988-5BBB-486E-B609-4BA26E91F1FD}.Debug|Any CPU.Build.0 = Debug|Any CPU
		{B793E988-5BBB-486E-B609-4BA26E91F1FD}.Release|Any CPU.ActiveCfg = Release|Any CPU
		{B793E988-5BBB-486E-B609-4BA26E91F1FD}.Release|Any CPU.Build.0 = Release|Any CPU
	EndGlobalSection
	GlobalSection(SolutionProperties) = preSolution
		HideSolutionNode = FALSE
	EndGlobalSection
	GlobalSection(ExtensibilityGlobals) = postSolution
		SolutionGuid = {C214899E-E162-4353-9CCA-7A4D99454EB7}
	EndGlobalSection
EndGlobal
